Microsoft Visual Studio Solution File, Format Version 12.00
# Visual Studio 15
VisualStudioVersion = 15.0.28307.136
MinimumVisualStudioVersion = 10.0.40219.1
Project("{FAE04EC0-301F-11D3-BF4B-00C04F79EFBC}") = "Flipping.Android", "Flipping.Android\Flipping.Android.csproj", "{D47D7859-EE1D-449D-9357-B656C442C157}"
EndProject
Project("{FAE04EC0-301F-11D3-BF4B-00C04F79EFBC}") = "Flipping.iOS", "Flipping.iOS\Flipping.iOS.csproj", "{6F895D94-45AD-4755-B7EB-30289382BB05}"
EndProject
Project("{9A19103F-16F7-4668-BE54-9A1E7A4F7556}") = "Flipping", "Flipping\Flipping.csproj", "{63B5E145-0993-48FB-ACF7-471E41A39AE9}"
EndProject
Global
	GlobalSection(SolutionConfigurationPlatforms) = preSolution
		Ad-Hoc|Any CPU = Ad-Hoc|Any CPU
		Ad-Hoc|iPhone = Ad-Hoc|iPhone
		Ad-Hoc|iPhoneSimulator = Ad-Hoc|iPhoneSimulator
		AppStore|Any CPU = AppStore|Any CPU
		AppStore|iPhone = AppStore|iPhone
		AppStore|iPhoneSimulator = AppStore|iPhoneSimulator
		Debug|Any CPU = Debug|Any CPU
		Debug|iPhone = Debug|iPhone
		Debug|iPhoneSimulator = Debug|iPhoneSimulator
		Release|Any CPU = Release|Any CPU
		Release|iPhone = Release|iPhone
		Release|iPhoneSimulator = Release|iPhoneSimulator
	EndGlobalSection
	GlobalSection(ProjectConfigurationPlatforms) = postSolution
		{D47D7859-EE1D-449D-9357-B656C442C157}.Ad-Hoc|Any CPU.ActiveCfg = Release|Any CPU
		{D47D7859-EE1D-449D-9357-B656C442C157}.Ad-Hoc|Any CPU.Build.0 = Release|Any CPU
		{D47D7859-EE1D-449D-9357-B656C442C157}.Ad-Hoc|Any CPU.Deploy.0 = Release|Any CPU
		{D47D7859-EE1D-449D-9357-B656C442C157}.Ad-Hoc|iPhone.ActiveCfg = Debug|Any CPU
		{D47D7859-EE1D-449D-9357-B656C442C157}.Ad-Hoc|iPhone.Build.0 = Debug|Any CPU
		{D47D7859-EE1D-449D-9357-B656C442C157}.Ad-Hoc|iPhoneSimulator.ActiveCfg = Release|Any CPU
		{D47D7859-EE1D-449D-9357-B656C442C157}.Ad-Hoc|iPhoneSimulator.Build.0 = Release|Any CPU
		{D47D7859-EE1D-449D-9357-B656C442C157}.Ad-Hoc|iPhoneSimulator.Deploy.0 = Release|Any CPU
		{D47D7859-EE1D-449D-9357-B656C442C157}.AppStore|Any CPU.ActiveCfg = Release|Any CPU
		{D47D7859-EE1D-449D-9357-B656C442C157}.AppStore|Any CPU.Build.0 = Release|Any CPU
		{D47D7859-EE1D-449D-9357-B656C442C157}.AppStore|Any CPU.Deploy.0 = Release|Any CPU
		{D47D7859-EE1D-449D-9357-B656C442C157}.AppStore|iPhone.ActiveCfg = Debug|Any CPU
		{D47D7859-EE1D-449D-9357-B656C442C157}.AppStore|iPhone.Build.0 = Debug|Any CPU
		{D47D7859-EE1D-449D-9357-B656C442C157}.AppStore|iPhoneSimulator.ActiveCfg = Release|Any CPU
		{D47D7859-EE1D-449D-9357-B656C442C157}.AppStore|iPhoneSimulator.Build.0 = Release|Any CPU
		{D47D7859-EE1D-449D-9357-B656C442C157}.AppStore|iPhoneSimulator.Deploy.0 = Release|Any CPU
		{D47D7859-EE1D-449D-9357-B656C442C157}.Debug|Any CPU.ActiveCfg = Debug|Any CPU
		{D47D7859-EE1D-449D-9357-B656C442C157}.Debug|Any CPU.Build.0 = Debug|Any CPU
		{D47D7859-EE1D-449D-9357-B656C442C157}.Debug|Any CPU.Deploy.0 = Debug|Any CPU
		{D47D7859-EE1D-449D-9357-B656C442C157}.Debug|iPhone.ActiveCfg = Debug|Any CPU
		{D47D7859-EE1D-449D-9357-B656C442C157}.Debug|iPhone.Build.0 = Debug|Any CPU
		{D47D7859-EE1D-449D-9357-B656C442C157}.Debug|iPhoneSimulator.ActiveCfg = Debug|Any CPU
		{D47D7859-EE1D-449D-9357-B656C442C157}.Debug|iPhoneSimulator.Build.0 = Debug|Any CPU
		{D47D7859-EE1D-449D-9357-B656C442C157}.Release|Any CPU.ActiveCfg = Release|Any CPU
		{D47D7859-EE1D-449D-9357-B656C442C157}.Release|Any CPU.Build.0 = Release|Any CPU
		{D47D7859-EE1D-449D-9357-B656C442C157}.Release|Any CPU.Deploy.0 = Release|Any CPU
		{D47D7859-EE1D-449D-9357-B656C442C157}.Release|iPhone.ActiveCfg = Release|Any CPU
		{D47D7859-EE1D-449D-9357-B656C442C157}.Release|iPhone.Build.0 = Release|Any CPU
		{D47D7859-EE1D-449D-9357-B656C442C157}.Release|iPhoneSimulator.ActiveCfg = Release|Any CPU
		{D47D7859-EE1D-449D-9357-B656C442C157}.Release|iPhoneSimulator.Build.0 = Release|Any CPU
		{6F895D94-45AD-4755-B7EB-30289382BB05}.Ad-Hoc|Any CPU.ActiveCfg = Ad-Hoc|iPhoneSimulator
		{6F895D94-45AD-4755-B7EB-30289382BB05}.Ad-Hoc|iPhone.ActiveCfg = Ad-Hoc|iPhone
		{6F895D94-45AD-4755-B7EB-30289382BB05}.Ad-Hoc|iPhone.Build.0 = Ad-Hoc|iPhone
		{6F895D94-45AD-4755-B7EB-30289382BB05}.Ad-Hoc|iPhoneSimulator.ActiveCfg = Ad-Hoc|iPhoneSimulator
		{6F895D94-45AD-4755-B7EB-30289382BB05}.Ad-Hoc|iPhoneSimulator.Build.0 = Ad-Hoc|iPhoneSimulator
		{6F895D94-45AD-4755-B7EB-30289382BB05}.AppStore|Any CPU.ActiveCfg = AppStore|iPhoneSimulator
		{6F895D94-45AD-4755-B7EB-30289382BB05}.AppStore|iPhone.ActiveCfg = AppStore|iPhone
		{6F895D94-45AD-4755-B7EB-30289382BB05}.AppStore|iPhone.Build.0 = AppStore|iPhone
		{6F895D94-45AD-4755-B7EB-30289382BB05}.AppStore|iPhoneSimulator.ActiveCfg = AppStore|iPhoneSimulator
		{6F895D94-45AD-4755-B7EB-30289382BB05}.AppStore|iPhoneSimulator.Build.0 = AppStore|iPhoneSimulator
		{6F895D94-45AD-4755-B7EB-30289382BB05}.Debug|Any CPU.ActiveCfg = Debug|iPhoneSimulator
		{6F895D94-45AD-4755-B7EB-30289382BB05}.Debug|Any CPU.Build.0 = Debug|iPhoneSimulator
		{6F895D94-45AD-4755-B7EB-30289382BB05}.Debug|iPhone.ActiveCfg = Debug|iPhone
		{6F895D94-45AD-4755-B7EB-30289382BB05}.Debug|iPhone.Build.0 = Debug|iPhone
		{6F895D94-45AD-4755-B7EB-30289382BB05}.Debug|iPhoneSimulator.ActiveCfg = Debug|iPhoneSimulator
		{6F895D94-45AD-4755-B7EB-30289382BB05}.Debug|iPhoneSimulator.Build.0 = Debug|iPhoneSimulator
		{6F895D94-45AD-4755-B7EB-30289382BB05}.Release|Any CPU.ActiveCfg = Release|iPhoneSimulator
		{6F895D94-45AD-4755-B7EB-30289382BB05}.Release|Any CPU.Build.0 = Release|iPhoneSimulator
		{6F895D94-45AD-4755-B7EB-30289382BB05}.Release|iPhone.ActiveCfg = Release|iPhone
		{6F895D94-45AD-4755-B7EB-30289382BB05}.Release|iPhone.Build.0 = Release|iPhone
		{6F895D94-45AD-4755-B7EB-30289382BB05}.Release|iPhoneSimulator.ActiveCfg = Release|iPhoneSimulator
		{6F895D94-45AD-4755-B7EB-30289382BB05}.Release|iPhoneSimulator.Build.0 = Release|iPhoneSimulator
		{63B5E145-0993-48FB-ACF7-471E41A39AE9}.Ad-Hoc|Any CPU.ActiveCfg = Release|Any CPU
		{63B5E145-0993-48FB-ACF7-471E41A39AE9}.Ad-Hoc|Any CPU.Build.0 = Release|Any CPU
		{63B5E145-0993-48FB-ACF7-471E41A39AE9}.Ad-Hoc|iPhone.ActiveCfg = Debug|Any CPU
		{63B5E145-0993-48FB-ACF7-471E41A39AE9}.Ad-Hoc|iPhone.Build.0 = Debug|Any CPU
		{63B5E145-0993-48FB-ACF7-471E41A39AE9}.Ad-Hoc|iPhoneSimulator.ActiveCfg = Release|Any CPU
		{63B5E145-0993-48FB-ACF7-471E41A39AE9}.Ad-Hoc|iPhoneSimulator.Build.0 = Release|Any CPU
		{63B5E145-0993-48FB-ACF7-471E41A39AE9}.AppStore|Any CPU.ActiveCfg = Release|Any CPU
		{63B5E145-0993-48FB-ACF7-471E41A39AE9}.AppStore|Any CPU.Build.0 = Release|Any CPU
		{63B5E145-0993-48FB-ACF7-471E41A39AE9}.AppStore|iPhone.ActiveCfg = Debug|Any CPU
		{63B5E145-0993-48FB-ACF7-471E41A39AE9}.AppStore|iPhone.Build.0 = Debug|Any CPU
		{63B5E145-0993-48FB-ACF7-471E41A39AE9}.AppStore|iPhoneSimulator.ActiveCfg = Release|Any CPU
		{63B5E145-0993-48FB-ACF7-471E41A39AE9}.AppStore|iPhoneSimulator.Build.0 = Release|Any CPU
		{63B5E145-0993-48FB-ACF7-471E41A39AE9}.Debug|Any CPU.ActiveCfg = Debug|Any CPU
		{63B5E145-0993-48FB-ACF7-471E41A39AE9}.Debug|Any CPU.Build.0 = Debug|Any CPU
		{63B5E145-0993-48FB-ACF7-471E41A39AE9}.Debug|iPhone.ActiveCfg = Debug|Any CPU
		{63B5E145-0993-48FB-ACF7-471E41A39AE9}.Debug|iPhone.Build.0 = Debug|Any CPU
		{63B5E145-0993-48FB-ACF7-471E41A39AE9}.Debug|iPhoneSimulator.ActiveCfg = Debug|Any CPU
		{63B5E145-0993-48FB-ACF7-471E41A39AE9}.Debug|iPhoneSimulator.Build.0 = Debug|Any CPU
		{63B5E145-0993-48FB-ACF7-471E41A39AE9}.Release|Any CPU.ActiveCfg = Release|Any CPU
		{63B5E145-0993-48FB-ACF7-471E41A39AE9}.Release|Any CPU.Build.0 = Release|Any CPU
		{63B5E145-0993-48FB-ACF7-471E41A39AE9}.Release|iPhone.ActiveCfg = Release|Any CPU
		{63B5E145-0993-48FB-ACF7-471E41A39AE9}.Release|iPhone.Build.0 = Release|Any CPU
		{63B5E145-0993-48FB-ACF7-471E41A39AE9}.Release|iPhoneSimulator.ActiveCfg = Release|Any CPU
		{63B5E145-0993-48FB-ACF7-471E41A39AE9}.Release|iPhoneSimulator.Build.0 = Release|Any CPU
	EndGlobalSection
	GlobalSection(SolutionProperties) = preSolution
		HideSolutionNode = FALSE
	EndGlobalSection
	GlobalSection(ExtensibilityGlobals) = postSolution
		SolutionGuid = {2BD95813-4FA3-423C-B446-ABFF3894D344}
	EndGlobalSection
EndGlobal
